
Microsoft Visual Studio Solution File, Format Version 12.00
# Visual Studio Version 16
VisualStudioVersion = 16.0.30204.135
MinimumVisualStudioVersion = 10.0.40219.1
Project("{FAE04EC0-301F-11D3-BF4B-00C04F79EFBC}") = "CarResale", "CarResale.csproj", "{80DA8E51-9D66-402D-B8BC-D5BF0269965A}"
EndProject
Global
	GlobalSection(SolutionConfigurationPlatforms) = preSolution
		Debug|Any CPU = Debug|Any CPU
		Release|Any CPU = Release|Any CPU
	EndGlobalSection
	GlobalSection(ProjectConfigurationPlatforms) = postSolution
		{80DA8E51-9D66-402D-B8BC-D5BF0269965A}.Debug|Any CPU.ActiveCfg = Debug|Any CPU
		{80DA8E51-9D66-402D-B8BC-D5BF0269965A}.Debug|Any CPU.Build.0 = Debug|Any CPU
		{80DA8E51-9D66-402D-B8BC-D5BF0269965A}.Release|Any CPU.ActiveCfg = Release|Any CPU
		{80DA8E51-9D66-402D-B8BC-D5BF0269965A}.Release|Any CPU.Build.0 = Release|Any CPU
	EndGlobalSection
	GlobalSection(SolutionProperties) = preSolution
		HideSolutionNode = FALSE
	EndGlobalSection
	GlobalSection(ExtensibilityGlobals) = postSolution
		SolutionGuid = {7170F6D3-38EA-48EA-8CED-F6455BCD26A2}
	EndGlobalSection
EndGlobal
